
Microsoft Visual Studio Solution File, Format Version 12.00
# Visual Studio 15
VisualStudioVersion = 15.0.26730.12
MinimumVisualStudioVersion = 10.0.40219.1
Project("{9A19103F-16F7-4668-BE54-9A1E7A4F7556}") = "TextTables", "TextTables\TextTables.csproj", "{8EF65773-F113-4BA3-A681-658E7DB77166}"
EndProject
Project("{FAE04EC0-301F-11D3-BF4B-00C04F79EFBC}") = "TextTables.TestCLI", "TextTables.TestCLI\TextTables.TestCLI.csproj", "{2ABF49B9-5E69-4C52-A4BB-37F8535EE303}"
EndProject
Global
	GlobalSection(SolutionConfigurationPlatforms) = preSolution
		Debug|Any CPU = Debug|Any CPU
		Release|Any CPU = Release|Any CPU
	EndGlobalSection
	GlobalSection(ProjectConfigurationPlatforms) = postSolution
		{8EF65773-F113-4BA3-A681-658E7DB77166}.Debug|Any CPU.ActiveCfg = Debug|Any CPU
		{8EF65773-F113-4BA3-A681-658E7DB77166}.Debug|Any CPU.Build.0 = Debug|Any CPU
		{8EF65773-F113-4BA3-A681-658E7DB77166}.Release|Any CPU.ActiveCfg = Release|Any CPU
		{8EF65773-F113-4BA3-A681-658E7DB77166}.Release|Any CPU.Build.0 = Release|Any CPU
		{2ABF49B9-5E69-4C52-A4BB-37F8535EE303}.Debug|Any CPU.ActiveCfg = Debug|Any CPU
		{2ABF49B9-5E69-4C52-A4BB-37F8535EE303}.Debug|Any CPU.Build.0 = Debug|Any CPU
		{2ABF49B9-5E69-4C52-A4BB-37F8535EE303}.Release|Any CPU.ActiveCfg = Release|Any CPU
		{2ABF49B9-5E69-4C52-A4BB-37F8535EE303}.Release|Any CPU.Build.0 = Release|Any CPU
	EndGlobalSection
	GlobalSection(SolutionProperties) = preSolution
		HideSolutionNode = FALSE
	EndGlobalSection
	GlobalSection(ExtensibilityGlobals) = postSolution
		SolutionGuid = {435E93F1-9BD3-49D0-847D-3EA95A02B300}
	EndGlobalSection
EndGlobal
